# This file is automatically @generated by Cargo.
# It is not intended for manual editing.
version = 4

[[package]]
name = "bytecode"
version = "0.1.0"
dependencies = [
 "syntax",
]

[[package]]
name = "cli"
version = "0.1.0"
dependencies = [
 "bytecode",
 "compiler",
 "syntax",
 "vm",
]

[[package]]
name = "compiler"
version = "0.1.0"
dependencies = [
 "bytecode",
 "syntax",
]

[[package]]
name = "syntax"
version = "0.1.0"

[[package]]
name = "vm"
version = "0.1.0"
dependencies = [
 "bytecode",
]
